{
  "pins" : [
    {
      "identity" : "mapbox-directions-swift",
      "kind" : "remoteSourceControl",
      "location" : "https://github.com/vtmaps/mapbox-directions-swift",
      "state" : {
        "revision" : "ae057866492307fd59bb67e1b0be15bf8784ccd6",
        "version" : "1.0.0"
      }
    },
    {
      "identity" : "polyline",
      "kind" : "remoteSourceControl",
      "location" : "https://github.com/raphaelmor/Polyline",
      "state" : {
        "revision" : "353f80378dcd8f17eefe8550090c6b1ae3c9da23",
        "version" : "5.1.0"
      }
    },
    {
      "identity" : "solar",
      "kind" : "remoteSourceControl",
      "location" : "https://github.com/ceeK/Solar.git",
      "state" : {
        "revision" : "c2b96f2d5fb7f835b91cefac5e83101f54643901",
        "version" : "3.0.1"
      }
    },
    {
      "identity" : "swiftformat",
      "kind" : "remoteSourceControl",
      "location" : "https://github.com/nicklockwood/SwiftFormat",
      "state" : {
        "revision" : "9df3b01f477163b33d5e63c5e2e5b9f946a49c56",
        "version" : "0.53.6"
      }
    },
    {
      "identity" : "turf-swift",
      "kind" : "remoteSourceControl",
      "location" : "https://github.com/flitsmeister/turf-swift",
      "state" : {
        "revision" : "b05b4658d1b48eac4127a0d9ebbb5a6f965a8251",
        "version" : "0.2.2"
      }
    },
    {
      "identity" : "vtmap-gl-native-distribution",
      "kind" : "remoteSourceControl",
      "location" : "https://github.com/vtmaps/vtmap-gl-native-distribution.git",
      "state" : {
        "revision" : "a697106d1b3922137625e4fe955f0231d60f61a8",
        "version" : "6.26.2"
      }
    }
  ],
  "version" : 2
}
